
Microsoft Visual Studio Solution File, Format Version 12.00
# Visual Studio 15
VisualStudioVersion = 15.0.28307.168
MinimumVisualStudioVersion = 10.0.40219.1
Project("{FAE04EC0-301F-11D3-BF4B-00C04F79EFBC}") = "SymbolicLab2", "SymbolicLab2\SymbolicLab2.csproj", "{29F30123-4A65-4EB5-9700-4DBCED1A19AE}"
EndProject
Project("{FAE04EC0-301F-11D3-BF4B-00C04F79EFBC}") = "ScottPlot", "ScottPlot-master\src\ScottPlot\ScottPlot.csproj", "{146D9444-8D80-4049-AB17-55AE852F59E3}"
EndProject
Global
	GlobalSection(SolutionConfigurationPlatforms) = preSolution
		Debug|Any CPU = Debug|Any CPU
		Release|Any CPU = Release|Any CPU
	EndGlobalSection
	GlobalSection(ProjectConfigurationPlatforms) = postSolution
		{29F30123-4A65-4EB5-9700-4DBCED1A19AE}.Debug|Any CPU.ActiveCfg = Debug|Any CPU
		{29F30123-4A65-4EB5-9700-4DBCED1A19AE}.Debug|Any CPU.Build.0 = Debug|Any CPU
		{29F30123-4A65-4EB5-9700-4DBCED1A19AE}.Release|Any CPU.ActiveCfg = Release|Any CPU
		{29F30123-4A65-4EB5-9700-4DBCED1A19AE}.Release|Any CPU.Build.0 = Release|Any CPU
		{146D9444-8D80-4049-AB17-55AE852F59E3}.Debug|Any CPU.ActiveCfg = Debug|Any CPU
		{146D9444-8D80-4049-AB17-55AE852F59E3}.Debug|Any CPU.Build.0 = Debug|Any CPU
		{146D9444-8D80-4049-AB17-55AE852F59E3}.Release|Any CPU.ActiveCfg = Release|Any CPU
		{146D9444-8D80-4049-AB17-55AE852F59E3}.Release|Any CPU.Build.0 = Release|Any CPU
	EndGlobalSection
	GlobalSection(SolutionProperties) = preSolution
		HideSolutionNode = FALSE
	EndGlobalSection
	GlobalSection(ExtensibilityGlobals) = postSolution
		SolutionGuid = {41C925AB-986E-4D34-A41A-1A6D26EBB61E}
	EndGlobalSection
EndGlobal
